
Microsoft Visual Studio Solution File, Format Version 12.00
# Visual Studio Version 17
VisualStudioVersion = 17.11.35327.3
MinimumVisualStudioVersion = 10.0.40219.1
Project("{FAE04EC0-301F-11D3-BF4B-00C04F79EFBC}") = "MITM.Client", "MITM.Client\MITM.Client.csproj", "{5CC62840-01F2-4F01-860C-1F9C72D3D334}"
EndProject
Global
	GlobalSection(SolutionConfigurationPlatforms) = preSolution
		Debug|Any CPU = Debug|Any CPU
		Release|Any CPU = Release|Any CPU
	EndGlobalSection
	GlobalSection(ProjectConfigurationPlatforms) = postSolution
		{5CC62840-01F2-4F01-860C-1F9C72D3D334}.Debug|Any CPU.ActiveCfg = Debug|Any CPU
		{5CC62840-01F2-4F01-860C-1F9C72D3D334}.Debug|Any CPU.Build.0 = Debug|Any CPU
		{5CC62840-01F2-4F01-860C-1F9C72D3D334}.Release|Any CPU.ActiveCfg = Release|Any CPU
		{5CC62840-01F2-4F01-860C-1F9C72D3D334}.Release|Any CPU.Build.0 = Release|Any CPU
	EndGlobalSection
	GlobalSection(SolutionProperties) = preSolution
		HideSolutionNode = FALSE
	EndGlobalSection
	GlobalSection(ExtensibilityGlobals) = postSolution
		SolutionGuid = {2D5967A9-24EB-4248-9073-587B51CE2AB4}
	EndGlobalSection
EndGlobal
